
Microsoft Visual Studio Solution File, Format Version 12.00
# Visual Studio Version 17
VisualStudioVersion = 17.14.36301.6 d17.14
MinimumVisualStudioVersion = 10.0.40219.1
Project("{FAE04EC0-301F-11D3-BF4B-00C04F79EFBC}") = "SalonBookingAPI", "SalonBookingAPI\SalonBookingAPI.csproj", "{E02AC8E1-1BBE-40B6-A1E0-1A8F1D0E7AD2}"
EndProject
Global
	GlobalSection(SolutionConfigurationPlatforms) = preSolution
		Debug|Any CPU = Debug|Any CPU
		Release|Any CPU = Release|Any CPU
	EndGlobalSection
	GlobalSection(ProjectConfigurationPlatforms) = postSolution
		{E02AC8E1-1BBE-40B6-A1E0-1A8F1D0E7AD2}.Debug|Any CPU.ActiveCfg = Debug|Any CPU
		{E02AC8E1-1BBE-40B6-A1E0-1A8F1D0E7AD2}.Debug|Any CPU.Build.0 = Debug|Any CPU
		{E02AC8E1-1BBE-40B6-A1E0-1A8F1D0E7AD2}.Release|Any CPU.ActiveCfg = Release|Any CPU
		{E02AC8E1-1BBE-40B6-A1E0-1A8F1D0E7AD2}.Release|Any CPU.Build.0 = Release|Any CPU
	EndGlobalSection
	GlobalSection(SolutionProperties) = preSolution
		HideSolutionNode = FALSE
	EndGlobalSection
	GlobalSection(ExtensibilityGlobals) = postSolution
		SolutionGuid = {274EE9F0-B86A-4896-A558-D75066CDAE71}
	EndGlobalSection
EndGlobal
